
Microsoft Visual Studio Solution File, Format Version 12.00
# Visual Studio Version 17
VisualStudioVersion = 17.5.002.0
MinimumVisualStudioVersion = 10.0.40219.1
Project("{9A19103F-16F7-4668-BE54-9A1E7A4F7556}") = "PersonalTaskManager", "PersonalTaskManager.csproj", "{3C0D2C58-FAAF-4865-8D0E-54AF8A9BBF31}"
EndProject
Global
	GlobalSection(SolutionConfigurationPlatforms) = preSolution
		Debug|Any CPU = Debug|Any CPU
		Release|Any CPU = Release|Any CPU
	EndGlobalSection
	GlobalSection(ProjectConfigurationPlatforms) = postSolution
		{3C0D2C58-FAAF-4865-8D0E-54AF8A9BBF31}.Debug|Any CPU.ActiveCfg = Debug|Any CPU
		{3C0D2C58-FAAF-4865-8D0E-54AF8A9BBF31}.Debug|Any CPU.Build.0 = Debug|Any CPU
		{3C0D2C58-FAAF-4865-8D0E-54AF8A9BBF31}.Release|Any CPU.ActiveCfg = Release|Any CPU
		{3C0D2C58-FAAF-4865-8D0E-54AF8A9BBF31}.Release|Any CPU.Build.0 = Release|Any CPU
	EndGlobalSection
	GlobalSection(SolutionProperties) = preSolution
		HideSolutionNode = FALSE
	EndGlobalSection
	GlobalSection(ExtensibilityGlobals) = postSolution
		SolutionGuid = {2D8427D5-A960-4228-BBE6-A4469A03804C}
	EndGlobalSection
EndGlobal
